
Microsoft Visual Studio Solution File, Format Version 12.00
# Visual Studio Version 17
VisualStudioVersion = 17.4.33213.308
MinimumVisualStudioVersion = 10.0.40219.1
Project("{FAE04EC0-301F-11D3-BF4B-00C04F79EFBC}") = "WatchApi", "WatchApi\WatchApi.csproj", "{46F149BB-E87C-4C6D-8F75-FCA3475A319A}"
EndProject
Global
	GlobalSection(SolutionConfigurationPlatforms) = preSolution
		Debug|Any CPU = Debug|Any CPU
		Release|Any CPU = Release|Any CPU
	EndGlobalSection
	GlobalSection(ProjectConfigurationPlatforms) = postSolution
		{46F149BB-E87C-4C6D-8F75-FCA3475A319A}.Debug|Any CPU.ActiveCfg = Debug|Any CPU
		{46F149BB-E87C-4C6D-8F75-FCA3475A319A}.Debug|Any CPU.Build.0 = Debug|Any CPU
		{46F149BB-E87C-4C6D-8F75-FCA3475A319A}.Release|Any CPU.ActiveCfg = Release|Any CPU
		{46F149BB-E87C-4C6D-8F75-FCA3475A319A}.Release|Any CPU.Build.0 = Release|Any CPU
	EndGlobalSection
	GlobalSection(SolutionProperties) = preSolution
		HideSolutionNode = FALSE
	EndGlobalSection
	GlobalSection(ExtensibilityGlobals) = postSolution
		SolutionGuid = {8535668F-5541-4922-A3B4-A3A31EB5C527}
	EndGlobalSection
EndGlobal
